{
  "nodes": {
    "official-templates": {
      "locked": {
        "lastModified": 1665394171,
        "narHash": "sha256-9PxRGDx3RIGnoL55/TwpTYPsNSgdoIi/TSbPQ8CRalU=",
        "owner": "nixos",
        "repo": "templates",
        "rev": "3248d54007cb7cb4cccdfba3e0d074f10ae013fd",
        "type": "github"
      },
      "original": {
        "owner": "nixos",
        "repo": "templates",
        "type": "github"
      }
    },
    "root": {
      "inputs": {
        "official-templates": "official-templates"
      }
    }
  },
  "root": "root",
  "version": 7
}
